{
  "version": 4,
  "terraform_version": "1.13.3",
  "serial": 4,
  "lineage": "07a1859a-43bd-3d2d-014b-56aa3cb12e9e",
  "outputs": {},
  "resources": [
    {
      "mode": "managed",
      "type": "local_file",
      "name": "mypet",
      "provider": "provider[\"registry.terraform.io/hashicorp/local\"]",
      "instances": [
        {
          "schema_version": 0,
          "attributes": {
            "content": "My pet's name is Malcolm Oscar Joelstein",
            "content_base64": null,
            "content_base64sha256": "fbsXK9GsXfEpGcnjvhx6qtQvBs0wrVyPaReetFy0I6I=",
            "content_base64sha512": "1On+TQywHjSmc/r3C28stvvijTQfUpqlDycVls6lYr8ron+6SvEcJX4SmMGicpPbis8iPjG3qLPTDUSEqUxTiQ==",
            "content_md5": "9d1dd48af5d32bc7bc0d47bda19a20b7",
            "content_sha1": "ff9b13cb612ae961c620a43e75e820b242a0b9af",
            "content_sha256": "7dbb172bd1ac5df12919c9e3be1c7aaad42f06cd30ad5c8f69179eb45cb423a2",
            "content_sha512": "d4e9fe4d0cb01e34a673faf70b6f2cb6fbe28d341f529aa50f271596cea562bf2ba27fba4af11c257e1298c1a27293db8acf223e31b7a8b3d30d4484a94c5389",
            "directory_permission": "0777",
            "file_permission": "0777",
            "filename": "malcolm.txt",
            "id": "ff9b13cb612ae961c620a43e75e820b242a0b9af",
            "sensitive_content": null,
            "source": null
          },
          "sensitive_attributes": [
            [
              {
                "type": "get_attr",
                "value": "sensitive_content"
              }
            ]
          ],
          "identity_schema_version": 0
        }
      ]
    }
  ],
  "check_results": null
}
